
Microsoft Visual Studio Solution File, Format Version 12.00
# Visual Studio 15
VisualStudioVersion = 15.0.26730.16
MinimumVisualStudioVersion = 10.0.40219.1
Project("{FAE04EC0-301F-11D3-BF4B-00C04F79EFBC}") = "GamIntraStandard", "GamIntraStandard\GamIntraStandard.csproj", "{F6D2D619-8351-4293-B9B0-CC6703206E8E}"
EndProject
Project("{FAE04EC0-301F-11D3-BF4B-00C04F79EFBC}") = "GamIntraCustomerVerification", "GamIntraCustomerVerification\GamIntraCustomerVerification.csproj", "{D88E015A-4BA1-4AC6-9195-ACD71A685E10}"
EndProject
Global
	GlobalSection(SolutionConfigurationPlatforms) = preSolution
		Debug|Any CPU = Debug|Any CPU
		Release|Any CPU = Release|Any CPU
	EndGlobalSection
	GlobalSection(ProjectConfigurationPlatforms) = postSolution
		{F6D2D619-8351-4293-B9B0-CC6703206E8E}.Debug|Any CPU.ActiveCfg = Debug|Any CPU
		{F6D2D619-8351-4293-B9B0-CC6703206E8E}.Debug|Any CPU.Build.0 = Debug|Any CPU
		{F6D2D619-8351-4293-B9B0-CC6703206E8E}.Release|Any CPU.ActiveCfg = Release|Any CPU
		{F6D2D619-8351-4293-B9B0-CC6703206E8E}.Release|Any CPU.Build.0 = Release|Any CPU
		{D88E015A-4BA1-4AC6-9195-ACD71A685E10}.Debug|Any CPU.ActiveCfg = Debug|Any CPU
		{D88E015A-4BA1-4AC6-9195-ACD71A685E10}.Debug|Any CPU.Build.0 = Debug|Any CPU
		{D88E015A-4BA1-4AC6-9195-ACD71A685E10}.Release|Any CPU.ActiveCfg = Release|Any CPU
		{D88E015A-4BA1-4AC6-9195-ACD71A685E10}.Release|Any CPU.Build.0 = Release|Any CPU
	EndGlobalSection
	GlobalSection(SolutionProperties) = preSolution
		HideSolutionNode = FALSE
	EndGlobalSection
	GlobalSection(ExtensibilityGlobals) = postSolution
		SolutionGuid = {58DBCD91-EC12-4CB0-89E7-483CC17AF157}
	EndGlobalSection
EndGlobal
